
Microsoft Visual Studio Solution File, Format Version 12.00
# Visual Studio Version 17
VisualStudioVersion = 17.4.33205.214
MinimumVisualStudioVersion = 10.0.40219.1
Project("{FAE04EC0-301F-11D3-BF4B-00C04F79EFBC}") = "problem_1", "problem_1\problem_1.csproj", "{809C8AB6-98BC-4AA5-91F2-FA32ED418787}"
EndProject
Project("{FAE04EC0-301F-11D3-BF4B-00C04F79EFBC}") = "problem_3", "problem_3\problem_3.csproj", "{B938A2F9-378C-4CD6-9D41-E1E4EFE52766}"
EndProject
Global
	GlobalSection(SolutionConfigurationPlatforms) = preSolution
		Debug|Any CPU = Debug|Any CPU
		Release|Any CPU = Release|Any CPU
	EndGlobalSection
	GlobalSection(ProjectConfigurationPlatforms) = postSolution
		{809C8AB6-98BC-4AA5-91F2-FA32ED418787}.Debug|Any CPU.ActiveCfg = Debug|Any CPU
		{809C8AB6-98BC-4AA5-91F2-FA32ED418787}.Debug|Any CPU.Build.0 = Debug|Any CPU
		{809C8AB6-98BC-4AA5-91F2-FA32ED418787}.Release|Any CPU.ActiveCfg = Release|Any CPU
		{809C8AB6-98BC-4AA5-91F2-FA32ED418787}.Release|Any CPU.Build.0 = Release|Any CPU
		{B938A2F9-378C-4CD6-9D41-E1E4EFE52766}.Debug|Any CPU.ActiveCfg = Debug|Any CPU
		{B938A2F9-378C-4CD6-9D41-E1E4EFE52766}.Debug|Any CPU.Build.0 = Debug|Any CPU
		{B938A2F9-378C-4CD6-9D41-E1E4EFE52766}.Release|Any CPU.ActiveCfg = Release|Any CPU
		{B938A2F9-378C-4CD6-9D41-E1E4EFE52766}.Release|Any CPU.Build.0 = Release|Any CPU
	EndGlobalSection
	GlobalSection(SolutionProperties) = preSolution
		HideSolutionNode = FALSE
	EndGlobalSection
	GlobalSection(ExtensibilityGlobals) = postSolution
		SolutionGuid = {5895168D-1FD2-4C28-A7E9-440EBED9FDCB}
	EndGlobalSection
EndGlobal
